{
  "pins" : [
    {
      "identity" : "horizoncalendar",
      "kind" : "remoteSourceControl",
      "location" : "https://github.com/airbnb/HorizonCalendar",
      "state" : {
        "branch" : "master",
        "revision" : "b17dbd840dc472f74f31434c081be09a4414da03"
      }
    }
  ],
  "version" : 2
}
